PODS:
  - Differ (1.3.0)
  - GRDB.swift (3.5.0)
  - GRDBDiff (0.1.0):
    - GRDBDiff/default (= 0.1.0)
  - GRDBDiff/default (0.1.0):
    - GRDB.swift (~> 3.5)

DEPENDENCIES:
  - Differ (~> 1.0)
  - GRDB.swift (from `../../../GRDB.swift`)
  - GRDBDiff (from `../..`)

SPEC REPOS:
  https://github.com/cocoapods/specs.git:
    - Differ

EXTERNAL SOURCES:
  GRDB.swift:
    :path: "../../../GRDB.swift"
  GRDBDiff:
    :path: "../.."

SPEC CHECKSUMS:
  Differ: 9fcee7602542d7c6484ce05a0faec1c11258ed63
  GRDB.swift: 237e5636cc22760f8a923556d550c685038b8ff6
  GRDBDiff: 514ef02d87af486294b63265da5224cb0e5832d4

PODFILE CHECKSUM: a02f2592b4275f72d1db006c0e99fa2514150935

COCOAPODS: 1.5.3
